
Microsoft Visual Studio Solution File, Format Version 11.00
# Visual C# Express 2010
Project("{FAE04EC0-301F-11D3-BF4B-00C04F79EFBC}") = "Mstp.BacnetCapture", "Mstp.BacnetCapture\Mstp.BacnetCapture.csproj", "{EDBEE09C-1C7C-4110-91EF-7DE206404553}"
EndProject
Project("{FAE04EC0-301F-11D3-BF4B-00C04F79EFBC}") = "Yabe", "Yabe\Yabe.csproj", "{EE493B17-8185-406C-881F-1144092F01CB}"
EndProject
Project("{FAE04EC0-301F-11D3-BF4B-00C04F79EFBC}") = "DemoServer", "DemoServer\DemoServer.csproj", "{ACF2683C-BDA5-445F-BF9D-196D133D2460}"
EndProject
Project("{FAE04EC0-301F-11D3-BF4B-00C04F79EFBC}") = "DemoBBMD", "CodeExamples\DemoBBMD\DemoBBMD.csproj", "{A2CE9357-71B6-40F7-97C7-74AF1E5659A5}"
EndProject
Project("{FAE04EC0-301F-11D3-BF4B-00C04F79EFBC}") = "AnotherStorageImplementation", "CodeExamples\AnotherStorageImplementation\AnotherStorageImplementation.csproj", "{EE8E3C58-371E-4164-93DA-13D055D5BDDE}"
EndProject
Project("{FAE04EC0-301F-11D3-BF4B-00C04F79EFBC}") = "Bacnet.Room.Simulator", "CodeExamples\Bacnet.Room.Simulator\Bacnet.Room.Simulator.csproj", "{07552C4C-AD80-4645-AC91-D6138B5888AA}"
EndProject
Project("{FAE04EC0-301F-11D3-BF4B-00C04F79EFBC}") = "BasicAdviseCOV", "CodeExamples\BasicAdviseCOV\BasicAdviseCOV.csproj", "{C501E026-4977-49C6-8DCB-5B9600C17FF1}"
EndProject
Project("{FAE04EC0-301F-11D3-BF4B-00C04F79EFBC}") = "BasicReadWrite", "CodeExamples\BasicReadWrite\BasicReadWrite.csproj", "{28F7604F-7DCD-4330-8261-55AEB2B0BAC4}"
EndProject
Project("{FAE04EC0-301F-11D3-BF4B-00C04F79EFBC}") = "BasicAlarmListener", "CodeExamples\BasicAlarmListener\BasicAlarmListener.csproj", "{91C94BC2-B863-4415-AB5F-2C4D02B2F2CE}"
EndProject
Project("{FAE04EC0-301F-11D3-BF4B-00C04F79EFBC}") = "BasicServer", "CodeExamples\BasicServer\BasicServer.csproj", "{DB89E653-7DBF-45BC-A92E-3754D8091E89}"
EndProject
Project("{FAE04EC0-301F-11D3-BF4B-00C04F79EFBC}") = "LibBacnet", "CodeExamples\LibBacnet\LibBacnet.csproj", "{66832876-01FC-4B7C-8D92-54195773FABF}"
EndProject
Project("{FAE04EC0-301F-11D3-BF4B-00C04F79EFBC}") = "RaspberrySample", "CodeExamples\RaspberrySample\RaspberrySample.csproj", "{47FC9B60-CC4A-479C-8267-DCEEE53067AC}"
EndProject
Global
	GlobalSection(SolutionConfigurationPlatforms) = preSolution
		Debug|Any CPU = Debug|Any CPU
		Debug|Mixed Platforms = Debug|Mixed Platforms
		Debug|x86 = Debug|x86
		R|Any CPU = R|Any CPU
		R|Mixed Platforms = R|Mixed Platforms
		R|x86 = R|x86
		Release|Any CPU = Release|Any CPU
		Release|Mixed Platforms = Release|Mixed Platforms
		Release|x86 = Release|x86
	EndGlobalSection
	GlobalSection(ProjectConfigurationPlatforms) = postSolution
		{EDBEE09C-1C7C-4110-91EF-7DE206404553}.Debug|Any CPU.ActiveCfg = Debug|x86
		{EDBEE09C-1C7C-4110-91EF-7DE206404553}.Debug|Mixed Platforms.ActiveCfg = Debug|x86
		{EDBEE09C-1C7C-4110-91EF-7DE206404553}.Debug|Mixed Platforms.Build.0 = Debug|x86
		{EDBEE09C-1C7C-4110-91EF-7DE206404553}.Debug|x86.ActiveCfg = Debug|x86
		{EDBEE09C-1C7C-4110-91EF-7DE206404553}.Debug|x86.Build.0 = Debug|x86
		{EDBEE09C-1C7C-4110-91EF-7DE206404553}.R|Any CPU.ActiveCfg = Release|x86
		{EDBEE09C-1C7C-4110-91EF-7DE206404553}.R|Mixed Platforms.ActiveCfg = Release|x86
		{EDBEE09C-1C7C-4110-91EF-7DE206404553}.R|Mixed Platforms.Build.0 = Release|x86
		{EDBEE09C-1C7C-4110-91EF-7DE206404553}.R|x86.ActiveCfg = Release|x86
		{EDBEE09C-1C7C-4110-91EF-7DE206404553}.R|x86.Build.0 = Release|x86
		{EDBEE09C-1C7C-4110-91EF-7DE206404553}.Release|Any CPU.ActiveCfg = Release|x86
		{EDBEE09C-1C7C-4110-91EF-7DE206404553}.Release|Mixed Platforms.ActiveCfg = Release|x86
		{EDBEE09C-1C7C-4110-91EF-7DE206404553}.Release|Mixed Platforms.Build.0 = Release|x86
		{EDBEE09C-1C7C-4110-91EF-7DE206404553}.Release|x86.ActiveCfg = Release|x86
		{EDBEE09C-1C7C-4110-91EF-7DE206404553}.Release|x86.Build.0 = Release|x86
		{EE493B17-8185-406C-881F-1144092F01CB}.Debug|Any CPU.ActiveCfg = Debug|x86
		{EE493B17-8185-406C-881F-1144092F01CB}.Debug|Mixed Platforms.ActiveCfg = Debug|x86
		{EE493B17-8185-406C-881F-1144092F01CB}.Debug|Mixed Platforms.Build.0 = Debug|x86
		{EE493B17-8185-406C-881F-1144092F01CB}.Debug|x86.ActiveCfg = Debug|x86
		{EE493B17-8185-406C-881F-1144092F01CB}.Debug|x86.Build.0 = Debug|x86
		{EE493B17-8185-406C-881F-1144092F01CB}.R|Any CPU.ActiveCfg = Release|x86
		{EE493B17-8185-406C-881F-1144092F01CB}.R|Mixed Platforms.ActiveCfg = Release|x86
		{EE493B17-8185-406C-881F-1144092F01CB}.R|Mixed Platforms.Build.0 = Release|x86
		{EE493B17-8185-406C-881F-1144092F01CB}.R|x86.ActiveCfg = Release|x86
		{EE493B17-8185-406C-881F-1144092F01CB}.R|x86.Build.0 = Release|x86
		{EE493B17-8185-406C-881F-1144092F01CB}.Release|Any CPU.ActiveCfg = Release|x86
		{EE493B17-8185-406C-881F-1144092F01CB}.Release|Mixed Platforms.ActiveCfg = Release|x86
		{EE493B17-8185-406C-881F-1144092F01CB}.Release|Mixed Platforms.Build.0 = Release|x86
		{EE493B17-8185-406C-881F-1144092F01CB}.Release|x86.ActiveCfg = Release|x86
		{EE493B17-8185-406C-881F-1144092F01CB}.Release|x86.Build.0 = Release|x86
		{ACF2683C-BDA5-445F-BF9D-196D133D2460}.Debug|Any CPU.ActiveCfg = Debug|x86
		{ACF2683C-BDA5-445F-BF9D-196D133D2460}.Debug|Mixed Platforms.ActiveCfg = Debug|x86
		{ACF2683C-BDA5-445F-BF9D-196D133D2460}.Debug|Mixed Platforms.Build.0 = Debug|x86
		{ACF2683C-BDA5-445F-BF9D-196D133D2460}.Debug|x86.ActiveCfg = Debug|x86
		{ACF2683C-BDA5-445F-BF9D-196D133D2460}.Debug|x86.Build.0 = Debug|x86
		{ACF2683C-BDA5-445F-BF9D-196D133D2460}.R|Any CPU.ActiveCfg = Release|x86
		{ACF2683C-BDA5-445F-BF9D-196D133D2460}.R|Mixed Platforms.ActiveCfg = Release|x86
		{ACF2683C-BDA5-445F-BF9D-196D133D2460}.R|Mixed Platforms.Build.0 = Release|x86
		{ACF2683C-BDA5-445F-BF9D-196D133D2460}.R|x86.ActiveCfg = Release|x86
		{ACF2683C-BDA5-445F-BF9D-196D133D2460}.R|x86.Build.0 = Release|x86
		{ACF2683C-BDA5-445F-BF9D-196D133D2460}.Release|Any CPU.ActiveCfg = Release|x86
		{ACF2683C-BDA5-445F-BF9D-196D133D2460}.Release|Mixed Platforms.ActiveCfg = Release|x86
		{ACF2683C-BDA5-445F-BF9D-196D133D2460}.Release|Mixed Platforms.Build.0 = Release|x86
		{ACF2683C-BDA5-445F-BF9D-196D133D2460}.Release|x86.ActiveCfg = Release|x86
		{ACF2683C-BDA5-445F-BF9D-196D133D2460}.Release|x86.Build.0 = Release|x86
		{A2CE9357-71B6-40F7-97C7-74AF1E5659A5}.Debug|Any CPU.ActiveCfg = Debug|x86
		{A2CE9357-71B6-40F7-97C7-74AF1E5659A5}.Debug|Mixed Platforms.ActiveCfg = Debug|x86
		{A2CE9357-71B6-40F7-97C7-74AF1E5659A5}.Debug|Mixed Platforms.Build.0 = Debug|x86
		{A2CE9357-71B6-40F7-97C7-74AF1E5659A5}.Debug|x86.ActiveCfg = Debug|x86
		{A2CE9357-71B6-40F7-97C7-74AF1E5659A5}.Debug|x86.Build.0 = Debug|x86
		{A2CE9357-71B6-40F7-97C7-74AF1E5659A5}.R|Any CPU.ActiveCfg = Release|x86
		{A2CE9357-71B6-40F7-97C7-74AF1E5659A5}.R|Mixed Platforms.ActiveCfg = Release|x86
		{A2CE9357-71B6-40F7-97C7-74AF1E5659A5}.R|Mixed Platforms.Build.0 = Release|x86
		{A2CE9357-71B6-40F7-97C7-74AF1E5659A5}.R|x86.ActiveCfg = Release|x86
		{A2CE9357-71B6-40F7-97C7-74AF1E5659A5}.R|x86.Build.0 = Release|x86
		{A2CE9357-71B6-40F7-97C7-74AF1E5659A5}.Release|Any CPU.ActiveCfg = Release|x86
		{A2CE9357-71B6-40F7-97C7-74AF1E5659A5}.Release|Mixed Platforms.ActiveCfg = Release|x86
		{A2CE9357-71B6-40F7-97C7-74AF1E5659A5}.Release|Mixed Platforms.Build.0 = Release|x86
		{A2CE9357-71B6-40F7-97C7-74AF1E5659A5}.Release|x86.ActiveCfg = Release|x86
		{A2CE9357-71B6-40F7-97C7-74AF1E5659A5}.Release|x86.Build.0 = Release|x86
		{EE8E3C58-371E-4164-93DA-13D055D5BDDE}.Debug|Any CPU.ActiveCfg = Debug|x86
		{EE8E3C58-371E-4164-93DA-13D055D5BDDE}.Debug|Mixed Platforms.ActiveCfg = Debug|x86
		{EE8E3C58-371E-4164-93DA-13D055D5BDDE}.Debug|Mixed Platforms.Build.0 = Debug|x86
		{EE8E3C58-371E-4164-93DA-13D055D5BDDE}.Debug|x86.ActiveCfg = Debug|x86
		{EE8E3C58-371E-4164-93DA-13D055D5BDDE}.Debug|x86.Build.0 = Debug|x86
		{EE8E3C58-371E-4164-93DA-13D055D5BDDE}.R|Any CPU.ActiveCfg = Release|x86
		{EE8E3C58-371E-4164-93DA-13D055D5BDDE}.R|Mixed Platforms.ActiveCfg = Release|x86
		{EE8E3C58-371E-4164-93DA-13D055D5BDDE}.R|Mixed Platforms.Build.0 = Release|x86
		{EE8E3C58-371E-4164-93DA-13D055D5BDDE}.R|x86.ActiveCfg = Release|x86
		{EE8E3C58-371E-4164-93DA-13D055D5BDDE}.R|x86.Build.0 = Release|x86
		{EE8E3C58-371E-4164-93DA-13D055D5BDDE}.Release|Any CPU.ActiveCfg = Release|x86
		{EE8E3C58-371E-4164-93DA-13D055D5BDDE}.Release|Mixed Platforms.ActiveCfg = Release|x86
		{EE8E3C58-371E-4164-93DA-13D055D5BDDE}.Release|Mixed Platforms.Build.0 = Release|x86
		{EE8E3C58-371E-4164-93DA-13D055D5BDDE}.Release|x86.ActiveCfg = Release|x86
		{EE8E3C58-371E-4164-93DA-13D055D5BDDE}.Release|x86.Build.0 = Release|x86
		{07552C4C-AD80-4645-AC91-D6138B5888AA}.Debug|Any CPU.ActiveCfg = Debug|Any CPU
		{07552C4C-AD80-4645-AC91-D6138B5888AA}.Debug|Any CPU.Build.0 = Debug|Any CPU
		{07552C4C-AD80-4645-AC91-D6138B5888AA}.Debug|Mixed Platforms.ActiveCfg = Debug|Any CPU
		{07552C4C-AD80-4645-AC91-D6138B5888AA}.Debug|Mixed Platforms.Build.0 = Debug|Any CPU
		{07552C4C-AD80-4645-AC91-D6138B5888AA}.Debug|x86.ActiveCfg = Debug|x86
		{07552C4C-AD80-4645-AC91-D6138B5888AA}.Debug|x86.Build.0 = Debug|x86
		{07552C4C-AD80-4645-AC91-D6138B5888AA}.R|Any CPU.ActiveCfg = R|Any CPU
		{07552C4C-AD80-4645-AC91-D6138B5888AA}.R|Any CPU.Build.0 = R|Any CPU
		{07552C4C-AD80-4645-AC91-D6138B5888AA}.R|Mixed Platforms.ActiveCfg = R|Any CPU
		{07552C4C-AD80-4645-AC91-D6138B5888AA}.R|Mixed Platforms.Build.0 = R|Any CPU
		{07552C4C-AD80-4645-AC91-D6138B5888AA}.R|x86.ActiveCfg = R|x86
		{07552C4C-AD80-4645-AC91-D6138B5888AA}.R|x86.Build.0 = R|x86
		{07552C4C-AD80-4645-AC91-D6138B5888AA}.Release|Any CPU.ActiveCfg = Release|Any CPU
		{07552C4C-AD80-4645-AC91-D6138B5888AA}.Release|Any CPU.Build.0 = Release|Any CPU
		{07552C4C-AD80-4645-AC91-D6138B5888AA}.Release|Mixed Platforms.ActiveCfg = Release|Any CPU
		{07552C4C-AD80-4645-AC91-D6138B5888AA}.Release|Mixed Platforms.Build.0 = Release|Any CPU
		{07552C4C-AD80-4645-AC91-D6138B5888AA}.Release|x86.ActiveCfg = Release|x86
		{07552C4C-AD80-4645-AC91-D6138B5888AA}.Release|x86.Build.0 = Release|x86
		{C501E026-4977-49C6-8DCB-5B9600C17FF1}.Debug|Any CPU.ActiveCfg = Debug|x86
		{C501E026-4977-49C6-8DCB-5B9600C17FF1}.Debug|Mixed Platforms.ActiveCfg = Debug|x86
		{C501E026-4977-49C6-8DCB-5B9600C17FF1}.Debug|Mixed Platforms.Build.0 = Debug|x86
		{C501E026-4977-49C6-8DCB-5B9600C17FF1}.Debug|x86.ActiveCfg = Debug|x86
		{C501E026-4977-49C6-8DCB-5B9600C17FF1}.Debug|x86.Build.0 = Debug|x86
		{C501E026-4977-49C6-8DCB-5B9600C17FF1}.R|Any CPU.ActiveCfg = Release|x86
		{C501E026-4977-49C6-8DCB-5B9600C17FF1}.R|Mixed Platforms.ActiveCfg = Release|x86
		{C501E026-4977-49C6-8DCB-5B9600C17FF1}.R|Mixed Platforms.Build.0 = Release|x86
		{C501E026-4977-49C6-8DCB-5B9600C17FF1}.R|x86.ActiveCfg = Release|x86
		{C501E026-4977-49C6-8DCB-5B9600C17FF1}.R|x86.Build.0 = Release|x86
		{C501E026-4977-49C6-8DCB-5B9600C17FF1}.Release|Any CPU.ActiveCfg = Release|x86
		{C501E026-4977-49C6-8DCB-5B9600C17FF1}.Release|Mixed Platforms.ActiveCfg = Release|x86
		{C501E026-4977-49C6-8DCB-5B9600C17FF1}.Release|Mixed Platforms.Build.0 = Release|x86
		{C501E026-4977-49C6-8DCB-5B9600C17FF1}.Release|x86.ActiveCfg = Release|x86
		{C501E026-4977-49C6-8DCB-5B9600C17FF1}.Release|x86.Build.0 = Release|x86
		{28F7604F-7DCD-4330-8261-55AEB2B0BAC4}.Debug|Any CPU.ActiveCfg = Debug|x86
		{28F7604F-7DCD-4330-8261-55AEB2B0BAC4}.Debug|Mixed Platforms.ActiveCfg = Debug|x86
		{28F7604F-7DCD-4330-8261-55AEB2B0BAC4}.Debug|Mixed Platforms.Build.0 = Debug|x86
		{28F7604F-7DCD-4330-8261-55AEB2B0BAC4}.Debug|x86.ActiveCfg = Debug|x86
		{28F7604F-7DCD-4330-8261-55AEB2B0BAC4}.Debug|x86.Build.0 = Debug|x86
		{28F7604F-7DCD-4330-8261-55AEB2B0BAC4}.R|Any CPU.ActiveCfg = Release|x86
		{28F7604F-7DCD-4330-8261-55AEB2B0BAC4}.R|Mixed Platforms.ActiveCfg = Release|x86
		{28F7604F-7DCD-4330-8261-55AEB2B0BAC4}.R|Mixed Platforms.Build.0 = Release|x86
		{28F7604F-7DCD-4330-8261-55AEB2B0BAC4}.R|x86.ActiveCfg = Release|x86
		{28F7604F-7DCD-4330-8261-55AEB2B0BAC4}.R|x86.Build.0 = Release|x86
		{28F7604F-7DCD-4330-8261-55AEB2B0BAC4}.Release|Any CPU.ActiveCfg = Release|x86
		{28F7604F-7DCD-4330-8261-55AEB2B0BAC4}.Release|Mixed Platforms.ActiveCfg = Release|x86
		{28F7604F-7DCD-4330-8261-55AEB2B0BAC4}.Release|Mixed Platforms.Build.0 = Release|x86
		{28F7604F-7DCD-4330-8261-55AEB2B0BAC4}.Release|x86.ActiveCfg = Release|x86
		{28F7604F-7DCD-4330-8261-55AEB2B0BAC4}.Release|x86.Build.0 = Release|x86
		{91C94BC2-B863-4415-AB5F-2C4D02B2F2CE}.Debug|Any CPU.ActiveCfg = Debug|x86
		{91C94BC2-B863-4415-AB5F-2C4D02B2F2CE}.Debug|Mixed Platforms.ActiveCfg = Debug|x86
		{91C94BC2-B863-4415-AB5F-2C4D02B2F2CE}.Debug|Mixed Platforms.Build.0 = Debug|x86
		{91C94BC2-B863-4415-AB5F-2C4D02B2F2CE}.Debug|x86.ActiveCfg = Debug|x86
		{91C94BC2-B863-4415-AB5F-2C4D02B2F2CE}.Debug|x86.Build.0 = Debug|x86
		{91C94BC2-B863-4415-AB5F-2C4D02B2F2CE}.R|Any CPU.ActiveCfg = Release|x86
		{91C94BC2-B863-4415-AB5F-2C4D02B2F2CE}.R|Mixed Platforms.ActiveCfg = Release|x86
		{91C94BC2-B863-4415-AB5F-2C4D02B2F2CE}.R|Mixed Platforms.Build.0 = Release|x86
		{91C94BC2-B863-4415-AB5F-2C4D02B2F2CE}.R|x86.ActiveCfg = Release|x86
		{91C94BC2-B863-4415-AB5F-2C4D02B2F2CE}.R|x86.Build.0 = Release|x86
		{91C94BC2-B863-4415-AB5F-2C4D02B2F2CE}.Release|Any CPU.ActiveCfg = Release|x86
		{91C94BC2-B863-4415-AB5F-2C4D02B2F2CE}.Release|Mixed Platforms.ActiveCfg = Release|x86
		{91C94BC2-B863-4415-AB5F-2C4D02B2F2CE}.Release|Mixed Platforms.Build.0 = Release|x86
		{91C94BC2-B863-4415-AB5F-2C4D02B2F2CE}.Release|x86.ActiveCfg = Release|x86
		{91C94BC2-B863-4415-AB5F-2C4D02B2F2CE}.Release|x86.Build.0 = Release|x86
		{DB89E653-7DBF-45BC-A92E-3754D8091E89}.Debug|Any CPU.ActiveCfg = Debug|x86
		{DB89E653-7DBF-45BC-A92E-3754D8091E89}.Debug|Mixed Platforms.ActiveCfg = Debug|x86
		{DB89E653-7DBF-45BC-A92E-3754D8091E89}.Debug|Mixed Platforms.Build.0 = Debug|x86
		{DB89E653-7DBF-45BC-A92E-3754D8091E89}.Debug|x86.ActiveCfg = Debug|x86
		{DB89E653-7DBF-45BC-A92E-3754D8091E89}.Debug|x86.Build.0 = Debug|x86
		{DB89E653-7DBF-45BC-A92E-3754D8091E89}.R|Any CPU.ActiveCfg = Release|x86
		{DB89E653-7DBF-45BC-A92E-3754D8091E89}.R|Mixed Platforms.ActiveCfg = Release|x86
		{DB89E653-7DBF-45BC-A92E-3754D8091E89}.R|Mixed Platforms.Build.0 = Release|x86
		{DB89E653-7DBF-45BC-A92E-3754D8091E89}.R|x86.ActiveCfg = Release|x86
		{DB89E653-7DBF-45BC-A92E-3754D8091E89}.R|x86.Build.0 = Release|x86
		{DB89E653-7DBF-45BC-A92E-3754D8091E89}.Release|Any CPU.ActiveCfg = Release|x86
		{DB89E653-7DBF-45BC-A92E-3754D8091E89}.Release|Mixed Platforms.ActiveCfg = Release|x86
		{DB89E653-7DBF-45BC-A92E-3754D8091E89}.Release|Mixed Platforms.Build.0 = Release|x86
		{DB89E653-7DBF-45BC-A92E-3754D8091E89}.Release|x86.ActiveCfg = Release|x86
		{DB89E653-7DBF-45BC-A92E-3754D8091E89}.Release|x86.Build.0 = Release|x86
		{66832876-01FC-4B7C-8D92-54195773FABF}.Debug|Any CPU.ActiveCfg = Debug|Any CPU
		{66832876-01FC-4B7C-8D92-54195773FABF}.Debug|Any CPU.Build.0 = Debug|Any CPU
		{66832876-01FC-4B7C-8D92-54195773FABF}.Debug|Mixed Platforms.ActiveCfg = Debug|Any CPU
		{66832876-01FC-4B7C-8D92-54195773FABF}.Debug|Mixed Platforms.Build.0 = Debug|Any CPU
		{66832876-01FC-4B7C-8D92-54195773FABF}.Debug|x86.ActiveCfg = Debug|Any CPU
		{66832876-01FC-4B7C-8D92-54195773FABF}.R|Any CPU.ActiveCfg = Release|Any CPU
		{66832876-01FC-4B7C-8D92-54195773FABF}.R|Any CPU.Build.0 = Release|Any CPU
		{66832876-01FC-4B7C-8D92-54195773FABF}.R|Mixed Platforms.ActiveCfg = Release|Any CPU
		{66832876-01FC-4B7C-8D92-54195773FABF}.R|Mixed Platforms.Build.0 = Release|Any CPU
		{66832876-01FC-4B7C-8D92-54195773FABF}.R|x86.ActiveCfg = Release|Any CPU
		{66832876-01FC-4B7C-8D92-54195773FABF}.Release|Any CPU.ActiveCfg = Release|Any CPU
		{66832876-01FC-4B7C-8D92-54195773FABF}.Release|Any CPU.Build.0 = Release|Any CPU
		{66832876-01FC-4B7C-8D92-54195773FABF}.Release|Mixed Platforms.ActiveCfg = Release|Any CPU
		{66832876-01FC-4B7C-8D92-54195773FABF}.Release|Mixed Platforms.Build.0 = Release|Any CPU
		{66832876-01FC-4B7C-8D92-54195773FABF}.Release|x86.ActiveCfg = Release|Any CPU
		{47FC9B60-CC4A-479C-8267-DCEEE53067AC}.Debug|Any CPU.ActiveCfg = Debug|Any CPU
		{47FC9B60-CC4A-479C-8267-DCEEE53067AC}.Debug|Any CPU.Build.0 = Debug|Any CPU
		{47FC9B60-CC4A-479C-8267-DCEEE53067AC}.Debug|Mixed Platforms.ActiveCfg = Debug|Any CPU
		{47FC9B60-CC4A-479C-8267-DCEEE53067AC}.Debug|Mixed Platforms.Build.0 = Debug|Any CPU
		{47FC9B60-CC4A-479C-8267-DCEEE53067AC}.Debug|x86.ActiveCfg = Debug|x86
		{47FC9B60-CC4A-479C-8267-DCEEE53067AC}.Debug|x86.Build.0 = Debug|x86
		{47FC9B60-CC4A-479C-8267-DCEEE53067AC}.R|Any CPU.ActiveCfg = Release|Any CPU
		{47FC9B60-CC4A-479C-8267-DCEEE53067AC}.R|Any CPU.Build.0 = Release|Any CPU
		{47FC9B60-CC4A-479C-8267-DCEEE53067AC}.R|Mixed Platforms.ActiveCfg = Release|Any CPU
		{47FC9B60-CC4A-479C-8267-DCEEE53067AC}.R|Mixed Platforms.Build.0 = Release|Any CPU
		{47FC9B60-CC4A-479C-8267-DCEEE53067AC}.R|x86.ActiveCfg = Release|Any CPU
		{47FC9B60-CC4A-479C-8267-DCEEE53067AC}.Release|Any CPU.ActiveCfg = Release|Any CPU
		{47FC9B60-CC4A-479C-8267-DCEEE53067AC}.Release|Any CPU.Build.0 = Release|Any CPU
		{47FC9B60-CC4A-479C-8267-DCEEE53067AC}.Release|Mixed Platforms.ActiveCfg = Release|Any CPU
		{47FC9B60-CC4A-479C-8267-DCEEE53067AC}.Release|Mixed Platforms.Build.0 = Release|Any CPU
		{47FC9B60-CC4A-479C-8267-DCEEE53067AC}.Release|x86.ActiveCfg = Release|x86
		{47FC9B60-CC4A-479C-8267-DCEEE53067AC}.Release|x86.Build.0 = Release|x86
	EndGlobalSection
	GlobalSection(SolutionProperties) = preSolution
		HideSolutionNode = FALSE
	EndGlobalSection
EndGlobal
