
Microsoft Visual Studio Solution File, Format Version 12.00
# Visual Studio Version 17
VisualStudioVersion = 17.1.31911.260
MinimumVisualStudioVersion = 10.0.40219.1
Project("{9A19103F-16F7-4668-BE54-9A1E7A4F7556}") = "BACnet", "BACnet.csproj", "{66832876-01FC-4B7C-8D92-54195773FABF}"
EndProject
Project("{2150E333-8FDC-42A3-9474-1A3956D46DE8}") = "Tests", "Tests", "{0AB3BF05-4346-4AA6-1389-037BE0695223}"
EndProject
Project("{FAE04EC0-301F-11D3-BF4B-00C04F79EFBC}") = "BACnet.Tests", "Tests\BACnet.Tests.csproj", "{4FC9C156-8A29-4A1C-B163-06BEDE79BAD9}"
EndProject
Project("{2150E333-8FDC-42A3-9474-1A3956D46DE8}") = "Ethernet", "Ethernet", "{901B5B8A-C2FF-A745-7AB2-6FEEEE001F18}"
EndProject
Project("{FAE04EC0-301F-11D3-BF4B-00C04F79EFBC}") = "BACnet.Ethernet", "Ethernet\BACnet.Ethernet.csproj", "{39192C6F-92D6-465A-BADB-C59ACDF11778}"
EndProject
Project("{2150E333-8FDC-42A3-9474-1A3956D46DE8}") = "Serial", "Serial", "{62465088-94FB-4296-3B39-28B7C5CFDD3E}"
EndProject
Project("{FAE04EC0-301F-11D3-BF4B-00C04F79EFBC}") = "BACnet.Serial", "Serial\BACnet.Serial.csproj", "{C708ED87-62A0-470C-9444-C5DF1BAEA613}"
EndProject
Global
	GlobalSection(SolutionConfigurationPlatforms) = preSolution
		Debug|Any CPU = Debug|Any CPU
		Debug|x64 = Debug|x64
		Debug|x86 = Debug|x86
		Release|Any CPU = Release|Any CPU
		Release|x64 = Release|x64
		Release|x86 = Release|x86
	EndGlobalSection
	GlobalSection(ProjectConfigurationPlatforms) = postSolution
		{66832876-01FC-4B7C-8D92-54195773FABF}.Debug|Any CPU.ActiveCfg = Debug|Any CPU
		{66832876-01FC-4B7C-8D92-54195773FABF}.Debug|Any CPU.Build.0 = Debug|Any CPU
		{66832876-01FC-4B7C-8D92-54195773FABF}.Debug|x64.ActiveCfg = Debug|Any CPU
		{66832876-01FC-4B7C-8D92-54195773FABF}.Debug|x64.Build.0 = Debug|Any CPU
		{66832876-01FC-4B7C-8D92-54195773FABF}.Debug|x86.ActiveCfg = Debug|Any CPU
		{66832876-01FC-4B7C-8D92-54195773FABF}.Debug|x86.Build.0 = Debug|Any CPU
		{66832876-01FC-4B7C-8D92-54195773FABF}.Release|Any CPU.ActiveCfg = Release|Any CPU
		{66832876-01FC-4B7C-8D92-54195773FABF}.Release|Any CPU.Build.0 = Release|Any CPU
		{66832876-01FC-4B7C-8D92-54195773FABF}.Release|x64.ActiveCfg = Release|Any CPU
		{66832876-01FC-4B7C-8D92-54195773FABF}.Release|x64.Build.0 = Release|Any CPU
		{66832876-01FC-4B7C-8D92-54195773FABF}.Release|x86.ActiveCfg = Release|Any CPU
		{66832876-01FC-4B7C-8D92-54195773FABF}.Release|x86.Build.0 = Release|Any CPU
		{4FC9C156-8A29-4A1C-B163-06BEDE79BAD9}.Debug|Any CPU.ActiveCfg = Debug|Any CPU
		{4FC9C156-8A29-4A1C-B163-06BEDE79BAD9}.Debug|Any CPU.Build.0 = Debug|Any CPU
		{4FC9C156-8A29-4A1C-B163-06BEDE79BAD9}.Debug|x64.ActiveCfg = Debug|Any CPU
		{4FC9C156-8A29-4A1C-B163-06BEDE79BAD9}.Debug|x64.Build.0 = Debug|Any CPU
		{4FC9C156-8A29-4A1C-B163-06BEDE79BAD9}.Debug|x86.ActiveCfg = Debug|Any CPU
		{4FC9C156-8A29-4A1C-B163-06BEDE79BAD9}.Debug|x86.Build.0 = Debug|Any CPU
		{4FC9C156-8A29-4A1C-B163-06BEDE79BAD9}.Release|Any CPU.ActiveCfg = Release|Any CPU
		{4FC9C156-8A29-4A1C-B163-06BEDE79BAD9}.Release|Any CPU.Build.0 = Release|Any CPU
		{4FC9C156-8A29-4A1C-B163-06BEDE79BAD9}.Release|x64.ActiveCfg = Release|Any CPU
		{4FC9C156-8A29-4A1C-B163-06BEDE79BAD9}.Release|x64.Build.0 = Release|Any CPU
		{4FC9C156-8A29-4A1C-B163-06BEDE79BAD9}.Release|x86.ActiveCfg = Release|Any CPU
		{4FC9C156-8A29-4A1C-B163-06BEDE79BAD9}.Release|x86.Build.0 = Release|Any CPU
		{39192C6F-92D6-465A-BADB-C59ACDF11778}.Debug|Any CPU.ActiveCfg = Debug|Any CPU
		{39192C6F-92D6-465A-BADB-C59ACDF11778}.Debug|Any CPU.Build.0 = Debug|Any CPU
		{39192C6F-92D6-465A-BADB-C59ACDF11778}.Debug|x64.ActiveCfg = Debug|Any CPU
		{39192C6F-92D6-465A-BADB-C59ACDF11778}.Debug|x64.Build.0 = Debug|Any CPU
		{39192C6F-92D6-465A-BADB-C59ACDF11778}.Debug|x86.ActiveCfg = Debug|Any CPU
		{39192C6F-92D6-465A-BADB-C59ACDF11778}.Debug|x86.Build.0 = Debug|Any CPU
		{39192C6F-92D6-465A-BADB-C59ACDF11778}.Release|Any CPU.ActiveCfg = Release|Any CPU
		{39192C6F-92D6-465A-BADB-C59ACDF11778}.Release|Any CPU.Build.0 = Release|Any CPU
		{39192C6F-92D6-465A-BADB-C59ACDF11778}.Release|x64.ActiveCfg = Release|Any CPU
		{39192C6F-92D6-465A-BADB-C59ACDF11778}.Release|x64.Build.0 = Release|Any CPU
		{39192C6F-92D6-465A-BADB-C59ACDF11778}.Release|x86.ActiveCfg = Release|Any CPU
		{39192C6F-92D6-465A-BADB-C59ACDF11778}.Release|x86.Build.0 = Release|Any CPU
		{C708ED87-62A0-470C-9444-C5DF1BAEA613}.Debug|Any CPU.ActiveCfg = Debug|Any CPU
		{C708ED87-62A0-470C-9444-C5DF1BAEA613}.Debug|Any CPU.Build.0 = Debug|Any CPU
		{C708ED87-62A0-470C-9444-C5DF1BAEA613}.Debug|x64.ActiveCfg = Debug|Any CPU
		{C708ED87-62A0-470C-9444-C5DF1BAEA613}.Debug|x64.Build.0 = Debug|Any CPU
		{C708ED87-62A0-470C-9444-C5DF1BAEA613}.Debug|x86.ActiveCfg = Debug|Any CPU
		{C708ED87-62A0-470C-9444-C5DF1BAEA613}.Debug|x86.Build.0 = Debug|Any CPU
		{C708ED87-62A0-470C-9444-C5DF1BAEA613}.Release|Any CPU.ActiveCfg = Release|Any CPU
		{C708ED87-62A0-470C-9444-C5DF1BAEA613}.Release|Any CPU.Build.0 = Release|Any CPU
		{C708ED87-62A0-470C-9444-C5DF1BAEA613}.Release|x64.ActiveCfg = Release|Any CPU
		{C708ED87-62A0-470C-9444-C5DF1BAEA613}.Release|x64.Build.0 = Release|Any CPU
		{C708ED87-62A0-470C-9444-C5DF1BAEA613}.Release|x86.ActiveCfg = Release|Any CPU
		{C708ED87-62A0-470C-9444-C5DF1BAEA613}.Release|x86.Build.0 = Release|Any CPU
	EndGlobalSection
	GlobalSection(SolutionProperties) = preSolution
		HideSolutionNode = FALSE
	EndGlobalSection
	GlobalSection(NestedProjects) = preSolution
		{4FC9C156-8A29-4A1C-B163-06BEDE79BAD9} = {0AB3BF05-4346-4AA6-1389-037BE0695223}
		{39192C6F-92D6-465A-BADB-C59ACDF11778} = {901B5B8A-C2FF-A745-7AB2-6FEEEE001F18}
		{C708ED87-62A0-470C-9444-C5DF1BAEA613} = {62465088-94FB-4296-3B39-28B7C5CFDD3E}
	EndGlobalSection
	GlobalSection(ExtensibilityGlobals) = postSolution
		SolutionGuid = {4BD775C7-0626-4B2B-969B-285F36768D4D}
	EndGlobalSection
EndGlobal
