
Microsoft Visual Studio Solution File, Format Version 12.00
# Visual Studio Version 17
VisualStudioVersion = 17.1.31911.260
MinimumVisualStudioVersion = 10.0.40219.1
Project("{9A19103F-16F7-4668-BE54-9A1E7A4F7556}") = "BACnet", "BACnet.csproj", "{66832876-01FC-4B7C-8D92-54195773FABF}"
EndProject
Global
	GlobalSection(SolutionConfigurationPlatforms) = preSolution
		Debug|Any CPU = Debug|Any CPU
		Release|Any CPU = Release|Any CPU
	EndGlobalSection
	GlobalSection(ProjectConfigurationPlatforms) = postSolution
		{66832876-01FC-4B7C-8D92-54195773FABF}.Debug|Any CPU.ActiveCfg = Debug|Any CPU
		{66832876-01FC-4B7C-8D92-54195773FABF}.Debug|Any CPU.Build.0 = Debug|Any CPU
		{66832876-01FC-4B7C-8D92-54195773FABF}.Release|Any CPU.ActiveCfg = Release|Any CPU
		{66832876-01FC-4B7C-8D92-54195773FABF}.Release|Any CPU.Build.0 = Release|Any CPU
	EndGlobalSection
	GlobalSection(SolutionProperties) = preSolution
		HideSolutionNode = FALSE
	EndGlobalSection
	GlobalSection(ExtensibilityGlobals) = postSolution
		SolutionGuid = {4BD775C7-0626-4B2B-969B-285F36768D4D}
	EndGlobalSection
EndGlobal
