
Microsoft Visual Studio Solution File, Format Version 11.00
# Visual Studio 2010
Project("{54435603-DBB4-11D2-8724-00A0C9A8B90C}") = "InstallYabe", "InstallYabe.vdproj", "{0940EF26-DFE9-44C8-9052-F7DD07FDB164}"
EndProject
Project("{FAE04EC0-301F-11D3-BF4B-00C04F79EFBC}") = "DemoServer", "..\DemoServer\DemoServer.csproj", "{ACF2683C-BDA5-445F-BF9D-196D133D2460}"
EndProject
Project("{FAE04EC0-301F-11D3-BF4B-00C04F79EFBC}") = "Yabe", "..\Yabe\Yabe.csproj", "{EE493B17-8185-406C-881F-1144092F01CB}"
EndProject
Project("{FAE04EC0-301F-11D3-BF4B-00C04F79EFBC}") = "Mstp.BacnetCapture", "..\Mstp.BacnetCapture\Mstp.BacnetCapture.csproj", "{EDBEE09C-1C7C-4110-91EF-7DE206404553}"
EndProject
Project("{FAE04EC0-301F-11D3-BF4B-00C04F79EFBC}") = "Bacnet.Room.Simulator", "..\CodeExamples\Bacnet.Room.Simulator\Bacnet.Room.Simulator.csproj", "{07552C4C-AD80-4645-AC91-D6138B5888AA}"
EndProject
Global
	GlobalSection(SolutionConfigurationPlatforms) = preSolution
		Debug|Any CPU = Debug|Any CPU
		Debug|x86 = Debug|x86
		R|Any CPU = R|Any CPU
		R|x86 = R|x86
		Release|Any CPU = Release|Any CPU
		Release|x86 = Release|x86
	EndGlobalSection
	GlobalSection(ProjectConfigurationPlatforms) = postSolution
		{0940EF26-DFE9-44C8-9052-F7DD07FDB164}.Debug|Any CPU.ActiveCfg = Debug
		{0940EF26-DFE9-44C8-9052-F7DD07FDB164}.Debug|Any CPU.Build.0 = Debug
		{0940EF26-DFE9-44C8-9052-F7DD07FDB164}.Debug|x86.ActiveCfg = Debug
		{0940EF26-DFE9-44C8-9052-F7DD07FDB164}.Debug|x86.Build.0 = Debug
		{0940EF26-DFE9-44C8-9052-F7DD07FDB164}.R|Any CPU.ActiveCfg = Release
		{0940EF26-DFE9-44C8-9052-F7DD07FDB164}.R|Any CPU.Build.0 = Release
		{0940EF26-DFE9-44C8-9052-F7DD07FDB164}.R|x86.ActiveCfg = Release
		{0940EF26-DFE9-44C8-9052-F7DD07FDB164}.R|x86.Build.0 = Release
		{0940EF26-DFE9-44C8-9052-F7DD07FDB164}.Release|Any CPU.ActiveCfg = Release
		{0940EF26-DFE9-44C8-9052-F7DD07FDB164}.Release|Any CPU.Build.0 = Release
		{0940EF26-DFE9-44C8-9052-F7DD07FDB164}.Release|x86.ActiveCfg = Release
		{0940EF26-DFE9-44C8-9052-F7DD07FDB164}.Release|x86.Build.0 = Release
		{ACF2683C-BDA5-445F-BF9D-196D133D2460}.Debug|Any CPU.ActiveCfg = Debug|x86
		{ACF2683C-BDA5-445F-BF9D-196D133D2460}.Debug|x86.ActiveCfg = Debug|x86
		{ACF2683C-BDA5-445F-BF9D-196D133D2460}.Debug|x86.Build.0 = Debug|x86
		{ACF2683C-BDA5-445F-BF9D-196D133D2460}.R|Any CPU.ActiveCfg = Release|x86
		{ACF2683C-BDA5-445F-BF9D-196D133D2460}.R|x86.ActiveCfg = Release|x86
		{ACF2683C-BDA5-445F-BF9D-196D133D2460}.R|x86.Build.0 = Release|x86
		{ACF2683C-BDA5-445F-BF9D-196D133D2460}.Release|Any CPU.ActiveCfg = Release|x86
		{ACF2683C-BDA5-445F-BF9D-196D133D2460}.Release|x86.ActiveCfg = Release|x86
		{ACF2683C-BDA5-445F-BF9D-196D133D2460}.Release|x86.Build.0 = Release|x86
		{EE493B17-8185-406C-881F-1144092F01CB}.Debug|Any CPU.ActiveCfg = Debug|x86
		{EE493B17-8185-406C-881F-1144092F01CB}.Debug|x86.ActiveCfg = Debug|x86
		{EE493B17-8185-406C-881F-1144092F01CB}.Debug|x86.Build.0 = Debug|x86
		{EE493B17-8185-406C-881F-1144092F01CB}.R|Any CPU.ActiveCfg = Release|x86
		{EE493B17-8185-406C-881F-1144092F01CB}.R|x86.ActiveCfg = Release|x86
		{EE493B17-8185-406C-881F-1144092F01CB}.R|x86.Build.0 = Release|x86
		{EE493B17-8185-406C-881F-1144092F01CB}.Release|Any CPU.ActiveCfg = Release|x86
		{EE493B17-8185-406C-881F-1144092F01CB}.Release|x86.ActiveCfg = Release|x86
		{EE493B17-8185-406C-881F-1144092F01CB}.Release|x86.Build.0 = Release|x86
		{EDBEE09C-1C7C-4110-91EF-7DE206404553}.Debug|Any CPU.ActiveCfg = Debug|x86
		{EDBEE09C-1C7C-4110-91EF-7DE206404553}.Debug|x86.ActiveCfg = Debug|x86
		{EDBEE09C-1C7C-4110-91EF-7DE206404553}.Debug|x86.Build.0 = Debug|x86
		{EDBEE09C-1C7C-4110-91EF-7DE206404553}.R|Any CPU.ActiveCfg = Release|x86
		{EDBEE09C-1C7C-4110-91EF-7DE206404553}.R|x86.ActiveCfg = Release|x86
		{EDBEE09C-1C7C-4110-91EF-7DE206404553}.R|x86.Build.0 = Release|x86
		{EDBEE09C-1C7C-4110-91EF-7DE206404553}.Release|Any CPU.ActiveCfg = Release|x86
		{EDBEE09C-1C7C-4110-91EF-7DE206404553}.Release|x86.ActiveCfg = Release|x86
		{EDBEE09C-1C7C-4110-91EF-7DE206404553}.Release|x86.Build.0 = Release|x86
		{07552C4C-AD80-4645-AC91-D6138B5888AA}.Debug|Any CPU.ActiveCfg = Debug|Any CPU
		{07552C4C-AD80-4645-AC91-D6138B5888AA}.Debug|Any CPU.Build.0 = Debug|Any CPU
		{07552C4C-AD80-4645-AC91-D6138B5888AA}.Debug|x86.ActiveCfg = Debug|x86
		{07552C4C-AD80-4645-AC91-D6138B5888AA}.Debug|x86.Build.0 = Debug|x86
		{07552C4C-AD80-4645-AC91-D6138B5888AA}.R|Any CPU.ActiveCfg = R|Any CPU
		{07552C4C-AD80-4645-AC91-D6138B5888AA}.R|Any CPU.Build.0 = R|Any CPU
		{07552C4C-AD80-4645-AC91-D6138B5888AA}.R|x86.ActiveCfg = R|x86
		{07552C4C-AD80-4645-AC91-D6138B5888AA}.R|x86.Build.0 = R|x86
		{07552C4C-AD80-4645-AC91-D6138B5888AA}.Release|Any CPU.ActiveCfg = Release|Any CPU
		{07552C4C-AD80-4645-AC91-D6138B5888AA}.Release|Any CPU.Build.0 = Release|Any CPU
		{07552C4C-AD80-4645-AC91-D6138B5888AA}.Release|x86.ActiveCfg = Release|x86
		{07552C4C-AD80-4645-AC91-D6138B5888AA}.Release|x86.Build.0 = Release|x86
	EndGlobalSection
	GlobalSection(SolutionProperties) = preSolution
		HideSolutionNode = FALSE
	EndGlobalSection
EndGlobal
